
Microsoft Visual Studio Solution File, Format Version 12.00
# Visual Studio Version 16
VisualStudioVersion = 16.0.32602.291
MinimumVisualStudioVersion = 10.0.40219.1
Project("{FAE04EC0-301F-11D3-BF4B-00C04F79EFBC}") = "FirstWebApplication", "FirstWebApplication\FirstWebApplication.csproj", "{BB4B7138-2894-49D1-B4E4-4A58AE5ABAD2}"
EndProject
Global
	GlobalSection(SolutionConfigurationPlatforms) = preSolution
		Debug|Any CPU = Debug|Any CPU
		Release|Any CPU = Release|Any CPU
	EndGlobalSection
	GlobalSection(ProjectConfigurationPlatforms) = postSolution
		{BB4B7138-2894-49D1-B4E4-4A58AE5ABAD2}.Debug|Any CPU.ActiveCfg = Debug|Any CPU
		{BB4B7138-2894-49D1-B4E4-4A58AE5ABAD2}.Debug|Any CPU.Build.0 = Debug|Any CPU
		{BB4B7138-2894-49D1-B4E4-4A58AE5ABAD2}.Release|Any CPU.ActiveCfg = Release|Any CPU
		{BB4B7138-2894-49D1-B4E4-4A58AE5ABAD2}.Release|Any CPU.Build.0 = Release|Any CPU
	EndGlobalSection
	GlobalSection(SolutionProperties) = preSolution
		HideSolutionNode = FALSE
	EndGlobalSection
	GlobalSection(ExtensibilityGlobals) = postSolution
		SolutionGuid = {A43D6F3D-B219-43FA-8D4C-3A3200CE034B}
	EndGlobalSection
EndGlobal
